// !$*UTF8*$!
{
	archiveVersion = 1;
	classes = {
	};
	objectVersion = 46;
	objects = {

/* Begin PBXBuildFile section */
		0D2F10311C74B09400949FE1 /* AppDelegate.swift in Sources */ = {isa = PBXBuildFile; fileRef = 0D2F10301C74B09400949FE1 /* AppDelegate.swift */; };
		0D2F10331C74B09400949FE1 /* CurrentLocationViewController.swift in Sources */ = {isa = PBXBuildFile; fileRef = 0D2F10321C74B09400949FE1 /* CurrentLocationViewController.swift */; };
		0D2F10351C74B09400949FE1 /* SecondViewController.swift in Sources */ = {isa = PBXBuildFile; fileRef = 0D2F10341C74B09400949FE1 /* SecondViewController.swift */; };
		0D2F10381C74B09400949FE1 /* Main.storyboard in Resources */ = {isa = PBXBuildFile; fileRef = 0D2F10361C74B09400949FE1 /* Main.storyboard */; };
		0D2F103A1C74B09400949FE1 /* Assets.xcassets in Resources */ = {isa = PBXBuildFile; fileRef = 0D2F10391C74B09400949FE1 /* Assets.xcassets */; };
		0D2F103D1C74B09400949FE1 /* LaunchScreen.storyboard in Resources */ = {isa = PBXBuildFile; fileRef = 0D2F103B1C74B09400949FE1 /* LaunchScreen.storyboard */; };
/* End PBXBuildFile section */

/* Begin PBXFileReference section */
		0D2F102D1C74B09400949FE1 /* My Locations.app */ = {isa = PBXFileReference; explicitFileType = wrapper.application; includeInIndex = 0; path = "My Locations.app"; sourceTree = BUILT_PRODUCTS_DIR; };
		0D2F10301C74B09400949FE1 /* AppDelegate.swift */ = {isa = PBXFileReference; lastKnownFileType = sourcecode.swift; path = AppDelegate.swift; sourceTree = "<group>"; };
		0D2F10321C74B09400949FE1 /* CurrentLocationViewController.swift */ = {isa = PBXFileReference; lastKnownFileType = sourcecode.swift; path = CurrentLocationViewController.swift; sourceTree = "<group>"; };
		0D2F10341C74B09400949FE1 /* SecondViewController.swift */ = {isa = PBXFileReference; lastKnownFileType = sourcecode.swift; path = SecondViewController.swift; sourceTree = "<group>"; };
		0D2F10371C74B09400949FE1 /* Base */ = {isa = PBXFileReference; lastKnownFileType = file.storyboard; name = Base; path = Base.lproj/Main.storyboard; sourceTree = "<group>"; };
		0D2F10391C74B09400949FE1 /* Assets.xcassets */ = {isa = PBXFileReference; lastKnownFileType = folder.assetcatalog; path = Assets.xcassets; sourceTree = "<group>"; };
		0D2F103C1C74B09400949FE1 /* Base */ = {isa = PBXFileReference; lastKnownFileType = file.storyboard; name = Base; path = Base.lproj/LaunchScreen.storyboard; sourceTree = "<group>"; };
		0D2F103E1C74B09400949FE1 /* Info.plist */ = {isa = PBXFileReference; lastKnownFileType = text.plist.xml; path = Info.plist; sourceTree = "<group>"; };
/* End PBXFileReference section */

/* Begin PBXFrameworksBuildPhase section */
		0D2F102A1C74B09400949FE1 /* Frameworks */ = {
			isa = PBXFrameworksBuildPhase;
			buildActionMask = 2147483647;
			files = (
			);
			runOnlyForDeploymentPostprocessing = 0;
		};
/* End PBXFrameworksBuildPhase section */

/* Begin PBXGroup section */
		0D2F10241C74B09400949FE1 = {
			isa = PBXGroup;
			children = (
				0D2F102F1C74B09400949FE1 /* My Locations */,
				0D2F102E1C74B09400949FE1 /* Products */,
			);
			sourceTree = "<group>";
		};
		0D2F102E1C74B09400949FE1 /* Products */ = {
			isa = PBXGroup;
			children = (
				0D2F102D1C74B09400949FE1 /* My Locations.app */,
			);
			name = Products;
			sourceTree = "<group>";
		};
		0D2F102F1C74B09400949FE1 /* My Locations */ = {
			isa = PBXGroup;
			children = (
				0D2F10471C74B15D00949FE1 /* Models */,
				0D2F10451C74B0AA00949FE1 /* View */,
				0D2F10441C74B09C00949FE1 /* Controllers */,
				0D2F10301C74B09400949FE1 /* AppDelegate.swift */,
				0D2F103E1C74B09400949FE1 /* Info.plist */,
			);
			path = "My Locations";
			sourceTree = "<group>";
		};
		0D2F10441C74B09C00949FE1 /* Controllers */ = {
			isa = PBXGroup;
			children = (
				0D2F10321C74B09400949FE1 /* CurrentLocationViewController.swift */,
				0D2F10341C74B09400949FE1 /* SecondViewController.swift */,
			);
			path = Controllers;
			sourceTree = "<group>";
		};
		0D2F10451C74B0AA00949FE1 /* View */ = {
			isa = PBXGroup;
			children = (
				0D2F10461C74B0B300949FE1 /* Storyboards */,
				0D2F10391C74B09400949FE1 /* Assets.xcassets */,
			);
			path = View;
			sourceTree = "<group>";
		};
		0D2F10461C74B0B300949FE1 /* Storyboards */ = {
			isa = PBXGroup;
			children = (
				0D2F103B1C74B09400949FE1 /* LaunchScreen.storyboard */,
				0D2F10361C74B09400949FE1 /* Main.storyboard */,
			);
			path = Storyboards;
			sourceTree = "<group>";
		};
		0D2F10471C74B15D00949FE1 /* Models */ = {
			isa = PBXGroup;
			children = (
			);
			name = Models;
			sourceTree = "<group>";
		};
/* End PBXGroup section */

/* Begin PBXNativeTarget section */
		0D2F102C1C74B09400949FE1 /* My Locations */ = {
			isa = PBXNativeTarget;
			buildConfigurationList = 0D2F10411C74B09400949FE1 /* Build configuration list for PBXNativeTarget "My Locations" */;
			buildPhases = (
				0D2F10291C74B09400949FE1 /* Sources */,
				0D2F102A1C74B09400949FE1 /* Frameworks */,
				0D2F102B1C74B09400949FE1 /* Resources */,
			);
			buildRules = (
			);
			dependencies = (
			);
			name = "My Locations";
			productName = "My Locations";
			productReference = 0D2F102D1C74B09400949FE1 /* My Locations.app */;
			productType = "com.apple.product-type.application";
		};
/* End PBXNativeTarget section */

/* Begin PBXProject section */
		0D2F10251C74B09400949FE1 /* Project object */ = {
			isa = PBXProject;
			attributes = {
				LastSwiftUpdateCheck = 0720;
				LastUpgradeCheck = 0720;
				ORGANIZATIONNAME = "Abel Osorio";
				TargetAttributes = {
					0D2F102C1C74B09400949FE1 = {
						CreatedOnToolsVersion = 7.2;
					};
				};
			};
			buildConfigurationList = 0D2F10281C74B09400949FE1 /* Build configuration list for PBXProject "My Locations" */;
			compatibilityVersion = "Xcode 3.2";
			developmentRegion = English;
			hasScannedForEncodings = 0;
			knownRegions = (
				en,
				Base,
			);
			mainGroup = 0D2F10241C74B09400949FE1;
			productRefGroup = 0D2F102E1C74B09400949FE1 /* Products */;
			projectDirPath = "";
			projectRoot = "";
			targets = (
				0D2F102C1C74B09400949FE1 /* My Locations */,
			);
		};
/* End PBXProject section */

/* Begin PBXResourcesBuildPhase section */
		0D2F102B1C74B09400949FE1 /* Resources */ = {
			isa = PBXResourcesBuildPhase;
			buildActionMask = 2147483647;
			files = (
				0D2F103D1C74B09400949FE1 /* LaunchScreen.storyboard in Resources */,
				0D2F103A1C74B09400949FE1 /* Assets.xcassets in Resources */,
				0D2F10381C74B09400949FE1 /* Main.storyboard in Resources */,
			);
			runOnlyForDeploymentPostprocessing = 0;
		};
/* End PBXResourcesBuildPhase section */

/* Begin PBXSourcesBuildPhase section */
		0D2F10291C74B09400949FE1 /* Sources */ = {
			isa = PBXSourcesBuildPhase;
			buildActionMask = 2147483647;
			files = (
				0D2F10351C74B09400949FE1 /* SecondViewController.swift in Sources */,
				0D2F10311C74B09400949FE1 /* AppDelegate.swift in Sources */,
				0D2F10331C74B09400949FE1 /* CurrentLocationViewController.swift in Sources */,
			);
			runOnlyForDeploymentPostprocessing = 0;
		};
/* End PBXSourcesBuildPhase section */

/* Begin PBXVariantGroup section */
		0D2F10361C74B09400949FE1 /* Main.storyboard */ = {
			isa = PBXVariantGroup;
			children = (
				0D2F10371C74B09400949FE1 /* Base */,
			);
			name = Main.storyboard;
			path = .;
			sourceTree = "<group>";
		};
		0D2F103B1C74B09400949FE1 /* LaunchScreen.storyboard */ = {
			isa = PBXVariantGroup;
			children = (
				0D2F103C1C74B09400949FE1 /* Base */,
			);
			name = LaunchScreen.storyboard;
			path = .;
			sourceTree = "<group>";
		};
/* End PBXVariantGroup section */

/* Begin XCBuildConfiguration section */
		0D2F103F1C74B09400949FE1 /* Debug */ = {
			isa = XCBuildConfiguration;
			buildSettings = {
				ALWAYS_SEARCH_USER_PATHS = NO;
				CLANG_CXX_LANGUAGE_STANDARD = "gnu++0x";
				CLANG_CXX_LIBRARY = "libc++";
				CLANG_ENABLE_MODULES = YES;
				CLANG_ENABLE_OBJC_ARC = YES;
				CLANG_WARN_BOOL_CONVERSION = YES;
				CLANG_WARN_CONSTANT_CONVERSION = YES;
				CLANG_WARN_DIRECT_OBJC_ISA_USAGE = YES_ERROR;
				CLANG_WARN_EMPTY_BODY = YES;
				CLANG_WARN_ENUM_CONVERSION = YES;
				CLANG_WARN_INT_CONVERSION = YES;
				CLANG_WARN_OBJC_ROOT_CLASS = YES_ERROR;
				CLANG_WARN_UNREACHABLE_CODE = YES;
				CLANG_WARN__DUPLICATE_METHOD_MATCH = YES;
				"CODE_SIGN_IDENTITY[sdk=iphoneos*]" = "iPhone Developer";
				COPY_PHASE_STRIP = NO;
				DEBUG_INFORMATION_FORMAT = dwarf;
				ENABLE_STRICT_OBJC_MSGSEND = YES;
				ENABLE_TESTABILITY = YES;
				GCC_C_LANGUAGE_STANDARD = gnu99;
				GCC_DYNAMIC_NO_PIC = NO;
				GCC_NO_COMMON_BLOCKS = YES;
				GCC_OPTIMIZATION_LEVEL = 0;
				GCC_PREPROCESSOR_DEFINITIONS = (
					"DEBUG=1",
					"$(inherited)",
				);
				GCC_WARN_64_TO_32_BIT_CONVERSION = YES;
				GCC_WARN_ABOUT_RETURN_TYPE = YES_ERROR;
				GCC_WARN_UNDECLARED_SELECTOR = YES;
				GCC_WARN_UNINITIALIZED_AUTOS = YES_AGGRESSIVE;
				GCC_WARN_UNUSED_FUNCTION = YES;
				GCC_WARN_UNUSED_VARIABLE = YES;
				IPHONEOS_DEPLOYMENT_TARGET = 9.2;
				MTL_ENABLE_DEBUG_INFO = YES;
				ONLY_ACTIVE_ARCH = YES;
				SDKROOT = iphoneos;
				SWIFT_OPTIMIZATION_LEVEL = "-Onone";
			};
			name = Debug;
		};
		0D2F10401C74B09400949FE1 /* Release */ = {
			isa = XCBuildConfiguration;
			buildSettings = {
				ALWAYS_SEARCH_USER_PATHS = NO;
				CLANG_CXX_LANGUAGE_STANDARD = "gnu++0x";
				CLANG_CXX_LIBRARY = "libc++";
				CLANG_ENABLE_MODULES = YES;
				CLANG_ENABLE_OBJC_ARC = YES;
				CLANG_WARN_BOOL_CONVERSION = YES;
				CLANG_WARN_CONSTANT_CONVERSION = YES;
				CLANG_WARN_DIRECT_OBJC_ISA_USAGE = YES_ERROR;
				CLANG_WARN_EMPTY_BODY = YES;
				CLANG_WARN_ENUM_CONVERSION = YES;
				CLANG_WARN_INT_CONVERSION = YES;
				CLANG_WARN_OBJC_ROOT_CLASS = YES_ERROR;
				CLANG_WARN_UNREACHABLE_CODE = YES;
				CLANG_WARN__DUPLICATE_METHOD_MATCH = YES;
				"CODE_SIGN_IDENTITY[sdk=iphoneos*]" = "iPhone Developer";
				COPY_PHASE_STRIP = NO;
				DEBUG_INFORMATION_FORMAT = "dwarf-with-dsym";
				ENABLE_NS_ASSERTIONS = NO;
				ENABLE_STRICT_OBJC_MSGSEND = YES;
				GCC_C_LANGUAGE_STANDARD = gnu99;
				GCC_NO_COMMON_BLOCKS = YES;
				GCC_WARN_64_TO_32_BIT_CONVERSION = YES;
				GCC_WARN_ABOUT_RETURN_TYPE = YES_ERROR;
				GCC_WARN_UNDECLARED_SELECTOR = YES;
				GCC_WARN_UNINITIALIZED_AUTOS = YES_AGGRESSIVE;
				GCC_WARN_UNUSED_FUNCTION = YES;
				GCC_WARN_UNUSED_VARIABLE = YES;
				IPHONEOS_DEPLOYMENT_TARGET = 9.2;
				MTL_ENABLE_DEBUG_INFO = NO;
				SDKROOT = iphoneos;
				VALIDATE_PRODUCT = YES;
			};
			name = Release;
		};
		0D2F10421C74B09400949FE1 /* Debug */ = {
			isa = XCBuildConfiguration;
			buildSettings = {
				ASSETCATALOG_COMPILER_APPICON_NAME = AppIcon;
				INFOPLIST_FILE = "My Locations/Info.plist";
				LD_RUNPATH_SEARCH_PATHS = "$(inherited) @executable_path/Frameworks";
				PRODUCT_BUNDLE_IDENTIFIER = "com.osorioabel.My-Locations";
				PRODUCT_NAME = "$(TARGET_NAME)";
			};
			name = Debug;
		};
		0D2F10431C74B09400949FE1 /* Release */ = {
			isa = XCBuildConfiguration;
			buildSettings = {
				ASSETCATALOG_COMPILER_APPICON_NAME = AppIcon;
				INFOPLIST_FILE = "My Locations/Info.plist";
				LD_RUNPATH_SEARCH_PATHS = "$(inherited) @executable_path/Frameworks";
				PRODUCT_BUNDLE_IDENTIFIER = "com.osorioabel.My-Locations";
				PRODUCT_NAME = "$(TARGET_NAME)";
			};
			name = Release;
		};
/* End XCBuildConfiguration section */

/* Begin XCConfigurationList section */
		0D2F10281C74B09400949FE1 /* Build configuration list for PBXProject "My Locations" */ = {
			isa = XCConfigurationList;
			buildConfigurations = (
				0D2F103F1C74B09400949FE1 /* Debug */,
				0D2F10401C74B09400949FE1 /* Release */,
			);
			defaultConfigurationIsVisible = 0;
			defaultConfigurationName = Release;
		};
		0D2F10411C74B09400949FE1 /* Build configuration list for PBXNativeTarget "My Locations" */ = {
			isa = XCConfigurationList;
			buildConfigurations = (
				0D2F10421C74B09400949FE1 /* Debug */,
				0D2F10431C74B09400949FE1 /* Release */,
			);
			defaultConfigurationIsVisible = 0;
			defaultConfigurationName = Release;
		};
/* End XCConfigurationList section */
	};
	rootObject = 0D2F10251C74B09400949FE1 /* Project object */;
}
